
Microsoft Visual Studio Solution File, Format Version 12.00
# Visual Studio Version 16
VisualStudioVersion = 16.0.31729.503
MinimumVisualStudioVersion = 10.0.40219.1
Project("{FAE04EC0-301F-11D3-BF4B-00C04F79EFBC}") = "HarpHeroConverter", "HarpHeroConverter.csproj", "{A0EC0304-858B-46CD-9F5F-C5BDE3DBB8F2}"
EndProject
Global
	GlobalSection(SolutionConfigurationPlatforms) = preSolution
		Debug|Any CPU = Debug|Any CPU
		Release|Any CPU = Release|Any CPU
	EndGlobalSection
	GlobalSection(ProjectConfigurationPlatforms) = postSolution
		{A0EC0304-858B-46CD-9F5F-C5BDE3DBB8F2}.Debug|Any CPU.ActiveCfg = Debug|Any CPU
		{A0EC0304-858B-46CD-9F5F-C5BDE3DBB8F2}.Debug|Any CPU.Build.0 = Debug|Any CPU
		{A0EC0304-858B-46CD-9F5F-C5BDE3DBB8F2}.Release|Any CPU.ActiveCfg = Release|Any CPU
		{A0EC0304-858B-46CD-9F5F-C5BDE3DBB8F2}.Release|Any CPU.Build.0 = Release|Any CPU
	EndGlobalSection
	GlobalSection(SolutionProperties) = preSolution
		HideSolutionNode = FALSE
	EndGlobalSection
	GlobalSection(ExtensibilityGlobals) = postSolution
		SolutionGuid = {08D9B25E-0AAA-4941-BA41-5A8A5F53155D}
	EndGlobalSection
EndGlobal
